
Microsoft Visual Studio Solution File, Format Version 12.00
# Visual Studio Version 16
VisualStudioVersion = 16.0.29201.188
MinimumVisualStudioVersion = 10.0.40219.1
Project("{FAE04EC0-301F-11D3-BF4B-00C04F79EFBC}") = "Boyer moore horspool Algorithm", "Boyer moore horspool Algorithm\Boyer moore horspool Algorithm.csproj", "{FCBC8CC0-CE5E-42F4-8643-D6D0648C99A5}"
EndProject
Global
	GlobalSection(SolutionConfigurationPlatforms) = preSolution
		Debug|Any CPU = Debug|Any CPU
		Release|Any CPU = Release|Any CPU
	EndGlobalSection
	GlobalSection(ProjectConfigurationPlatforms) = postSolution
		{FCBC8CC0-CE5E-42F4-8643-D6D0648C99A5}.Debug|Any CPU.ActiveCfg = Debug|Any CPU
		{FCBC8CC0-CE5E-42F4-8643-D6D0648C99A5}.Debug|Any CPU.Build.0 = Debug|Any CPU
		{FCBC8CC0-CE5E-42F4-8643-D6D0648C99A5}.Release|Any CPU.ActiveCfg = Release|Any CPU
		{FCBC8CC0-CE5E-42F4-8643-D6D0648C99A5}.Release|Any CPU.Build.0 = Release|Any CPU
	EndGlobalSection
	GlobalSection(SolutionProperties) = preSolution
		HideSolutionNode = FALSE
	EndGlobalSection
	GlobalSection(ExtensibilityGlobals) = postSolution
		SolutionGuid = {7C423757-A8FE-462A-80B7-C6D1F9484825}
	EndGlobalSection
EndGlobal
